#MicroXplorer Configuration settings - do not modify
ADC1.Channel-2\#ChannelRegularConversion=ADC_CHANNEL_2
ADC1.IPParameters=Rank-2\#ChannelRegularConversion,Channel-2\#ChannelRegularConversion,SamplingTime-2\#ChannelRegularConversion,OffsetNumber-2\#ChannelRegularConversion,OffsetSignedSaturation-2\#ChannelRegularConversion,NbrOfConversionFlag,master
ADC1.NbrOfConversionFlag=1
ADC1.OffsetNumber-2\#ChannelRegularConversion=ADC_OFFSET_NONE
ADC1.OffsetSignedSaturation-2\#ChannelRegularConversion=DISABLE
ADC1.Rank-2\#ChannelRegularConversion=1
ADC1.SamplingTime-2\#ChannelRegularConversion=ADC_SAMPLETIME_1CYCLE_5
ADC1.master=1
ADC2.Channel-0\#ChannelRegularConversion=ADC_CHANNEL_2
ADC2.IPParameters=Rank-0\#ChannelRegularConversion,Channel-0\#ChannelRegularConversion,SamplingTime-0\#ChannelRegularConversion,OffsetNumber-0\#ChannelRegularConversion,OffsetSignedSaturation-0\#ChannelRegularConversion,NbrOfConversionFlag
ADC2.NbrOfConversionFlag=1
ADC2.OffsetNumber-0\#ChannelRegularConversion=ADC_OFFSET_NONE
ADC2.OffsetSignedSaturation-0\#ChannelRegularConversion=DISABLE
ADC2.Rank-0\#ChannelRegularConversion=1
ADC2.SamplingTime-0\#ChannelRegularConversion=ADC_SAMPLETIME_1CYCLE_5
ADC3.Channel-0\#ChannelRegularConversion=ADC_CHANNEL_0
ADC3.IPParameters=Rank-0\#ChannelRegularConversion,Channel-0\#ChannelRegularConversion,SamplingTime-0\#ChannelRegularConversion,OffsetNumber-0\#ChannelRegularConversion,OffsetSignedSaturation-0\#ChannelRegularConversion,NbrOfConversionFlag
ADC3.NbrOfConversionFlag=1
ADC3.OffsetNumber-0\#ChannelRegularConversion=ADC_OFFSET_NONE
ADC3.OffsetSignedSaturation-0\#ChannelRegularConversion=DISABLE
ADC3.Rank-0\#ChannelRegularConversion=1
ADC3.SamplingTime-0\#ChannelRegularConversion=ADC_SAMPLETIME_1CYCLE_5
CAD.formats=
CAD.pinconfig=
CAD.provider=
CORTEX_M7.IPParameters=default_mode_Activation
CORTEX_M7.default_mode_Activation=1
ETH.IPParameters=MediaInterface
ETH.MediaInterface=HAL_ETH_RMII_MODE
File.Version=6
GPIO.groupedBy=
KeepUserPlacement=false
Mcu.CPN=STM32H743ZIT6
Mcu.Family=STM32H7
Mcu.IP0=ADC1
Mcu.IP1=ADC2
Mcu.IP10=SPI2
Mcu.IP11=SYS
Mcu.IP2=ADC3
Mcu.IP3=CORTEX_M7
Mcu.IP4=ETH
Mcu.IP5=I2C2
Mcu.IP6=NVIC
Mcu.IP7=RCC
Mcu.IP8=SDMMC1
Mcu.IP9=SPI1
Mcu.IPNb=12
Mcu.Name=STM32H743ZITx
Mcu.Package=LQFP144
Mcu.Pin0=PF0
Mcu.Pin1=PF1
Mcu.Pin10=PC0
Mcu.Pin11=PC1
Mcu.Pin12=PC2_C
Mcu.Pin13=PC3_C
Mcu.Pin14=PA0
Mcu.Pin15=PA1
Mcu.Pin16=PA2
Mcu.Pin17=PA3
Mcu.Pin18=PA4
Mcu.Pin19=PA5
Mcu.Pin2=PF3
Mcu.Pin20=PA6
Mcu.Pin21=PA7
Mcu.Pin22=PC4
Mcu.Pin23=PC5
Mcu.Pin24=PB0
Mcu.Pin25=PB1
Mcu.Pin26=PF11
Mcu.Pin27=PF12
Mcu.Pin28=PF13
Mcu.Pin29=PF14
Mcu.Pin3=PF4
Mcu.Pin30=PB10
Mcu.Pin31=PB12
Mcu.Pin32=PB13
Mcu.Pin33=PB14
Mcu.Pin34=PB15
Mcu.Pin35=PC8
Mcu.Pin36=PC9
Mcu.Pin37=PA15 (JTDI)
Mcu.Pin38=PC10
Mcu.Pin39=PC11
Mcu.Pin4=PF5
Mcu.Pin40=PC12
Mcu.Pin41=PD2
Mcu.Pin42=PD7
Mcu.Pin43=PG9
Mcu.Pin44=PG11
Mcu.Pin45=PG13
Mcu.Pin46=PB3 (JTDO/TRACESWO)
Mcu.Pin47=VP_ADC3_Vbat_Input
Mcu.Pin48=VP_SYS_VS_Systick
Mcu.Pin5=PF6
Mcu.Pin6=PF7
Mcu.Pin7=PF8
Mcu.Pin8=PF9
Mcu.Pin9=PF10
Mcu.PinsNb=49
Mcu.ThirdPartyNb=0
Mcu.UserConstants=
Mcu.UserName=STM32H743ZITx
MxCube.Version=6.11.1
MxDb.Version=DB.6.0.111
NVIC.BusFault_IRQn=true\:0\:0\:false\:false\:true\:false\:false\:false
NVIC.DebugMonitor_IRQn=true\:0\:0\:false\:false\:true\:false\:false\:false
NVIC.ForceEnableDMAVector=true
NVIC.HardFault_IRQn=true\:0\:0\:false\:false\:true\:false\:false\:false
NVIC.MemoryManagement_IRQn=true\:0\:0\:false\:false\:true\:false\:false\:false
NVIC.NonMaskableInt_IRQn=true\:0\:0\:false\:false\:true\:false\:false\:false
NVIC.PendSV_IRQn=true\:0\:0\:false\:false\:true\:false\:false\:false
NVIC.PriorityGroup=NVIC_PRIORITYGROUP_4
NVIC.SVCall_IRQn=true\:0\:0\:false\:false\:true\:false\:false\:false
NVIC.SysTick_IRQn=true\:15\:0\:false\:false\:true\:false\:true\:false
NVIC.UsageFault_IRQn=true\:0\:0\:false\:false\:true\:false\:false\:false
PA0.Mode=IN16-Single-Ended
PA0.Signal=ADC1_INP16
PA1.Mode=RMII
PA1.Signal=ETH_REF_CLK
PA15\ (JTDI).Mode=NSS_Signal_Hard_Output
PA15\ (JTDI).Signal=SPI1_NSS
PA2.Mode=RMII
PA2.Signal=ETH_MDIO
PA3.Signal=ADCx_INP15
PA4.Signal=ADCx_INP18
PA5.Signal=ADCx_INP19
PA6.Signal=ADCx_INP3
PA7.Mode=RMII
PA7.Signal=ETH_CRS_DV
PB0.Signal=ADCx_INP9
PB1.Signal=ADCx_INP5
PB10.Mode=Full_Duplex_Master
PB10.Signal=SPI2_SCK
PB12.Mode=NSS_Signal_Hard_Output
PB12.Signal=SPI2_NSS
PB13.Mode=RMII
PB13.Signal=ETH_TXD1
PB14.Locked=true
PB14.Mode=Full_Duplex_Master
PB14.Signal=SPI2_MISO
PB15.Locked=true
PB15.Mode=Full_Duplex_Master
PB15.Signal=SPI2_MOSI
PB3\ (JTDO/TRACESWO).Mode=Full_Duplex_Master
PB3\ (JTDO/TRACESWO).Signal=SPI1_SCK
PC0.Signal=ADCx_INP10
PC1.Mode=RMII
PC1.Signal=ETH_MDC
PC10.Mode=SD_4_bits_Wide_bus
PC10.Signal=SDMMC1_D2
PC11.Mode=SD_4_bits_Wide_bus
PC11.Signal=SDMMC1_D3
PC12.Mode=SD_4_bits_Wide_bus
PC12.Signal=SDMMC1_CK
PC2_C.Mode=IN0-Single-Ended
PC2_C.Signal=ADC3_INP0
PC3_C.Mode=IN1-Single-Ended
PC3_C.Signal=ADC3_INP1
PC4.Mode=RMII
PC4.Signal=ETH_RXD0
PC5.Mode=RMII
PC5.Signal=ETH_RXD1
PC8.Mode=SD_4_bits_Wide_bus
PC8.Signal=SDMMC1_D0
PC9.Mode=SD_4_bits_Wide_bus
PC9.Signal=SDMMC1_D1
PD2.Mode=SD_4_bits_Wide_bus
PD2.Signal=SDMMC1_CMD
PD7.Mode=Full_Duplex_Master
PD7.Signal=SPI1_MOSI
PF0.Locked=true
PF0.Mode=I2C
PF0.Signal=I2C2_SDA
PF1.Locked=true
PF1.Mode=I2C
PF1.Signal=I2C2_SCL
PF10.Mode=IN6-Single-Ended
PF10.Signal=ADC3_INP6
PF11.Mode=IN2-Single-Ended
PF11.Signal=ADC1_INP2
PF12.Mode=IN6-Single-Ended
PF12.Signal=ADC1_INP6
PF13.Mode=IN2-Single-Ended
PF13.Signal=ADC2_INP2
PF14.Mode=IN6-Single-Ended
PF14.Signal=ADC2_INP6
PF3.Mode=IN5-Single-Ended
PF3.Signal=ADC3_INP5
PF4.Mode=IN9-Single-Ended
PF4.Signal=ADC3_INP9
PF5.Mode=IN4-Single-Ended
PF5.Signal=ADC3_INP4
PF6.Mode=IN8-Single-Ended
PF6.Signal=ADC3_INP8
PF7.Mode=IN3-Single-Ended
PF7.Signal=ADC3_INP3
PF8.Mode=IN7-Single-Ended
PF8.Signal=ADC3_INP7
PF9.Mode=IN2-Single-Ended
PF9.Signal=ADC3_INP2
PG11.Locked=true
PG11.Mode=RMII
PG11.Signal=ETH_TX_EN
PG13.Locked=true
PG13.Mode=RMII
PG13.Signal=ETH_TXD0
PG9.Mode=Full_Duplex_Master
PG9.Signal=SPI1_MISO
PinOutPanel.RotationAngle=0
ProjectManager.AskForMigrate=true
ProjectManager.BackupPrevious=false
ProjectManager.CompilerOptimize=6
ProjectManager.ComputerToolchain=false
ProjectManager.CoupleFile=false
ProjectManager.CustomerFirmwarePackage=
ProjectManager.DefaultFWLocation=true
ProjectManager.DeletePrevious=true
ProjectManager.DeviceId=STM32H743ZITx
ProjectManager.FirmwarePackage=STM32Cube FW_H7 V1.11.2
ProjectManager.FreePins=false
ProjectManager.HalAssertFull=false
ProjectManager.HeapSize=0x200
ProjectManager.KeepUserCode=true
ProjectManager.LastFirmware=true
ProjectManager.LibraryCopy=0
ProjectManager.MainLocation=Core/Src
ProjectManager.NoMain=false
ProjectManager.PreviousToolchain=
ProjectManager.ProjectBuild=false
ProjectManager.ProjectFileName=Thermostat_EEM-1.1.ioc
ProjectManager.ProjectName=Thermostat_EEM-1.1
ProjectManager.ProjectStructure=
ProjectManager.RegisterCallBack=
ProjectManager.StackSize=0x400
ProjectManager.TargetToolchain=EWARM V8.50
ProjectManager.ToolChainLocation=
ProjectManager.UAScriptAfterPath=
ProjectManager.UAScriptBeforePath=
ProjectManager.UnderRoot=false
ProjectManager.functionlistsort=1-SystemClock_Config-RCC-false-HAL-false,2-MX_GPIO_Init-GPIO-false-HAL-true,3-MX_ETH_Init-ETH-false-HAL-true,4-MX_I2C2_Init-I2C2-false-HAL-true,5-MX_SDMMC1_SD_Init-SDMMC1-false-HAL-true,6-MX_SPI1_Init-SPI1-false-HAL-true,7-MX_SPI2_Init-SPI2-false-HAL-true,8-MX_ADC1_Init-ADC1-false-HAL-true,9-MX_ADC2_Init-ADC2-false-HAL-true,10-MX_ADC3_Init-ADC3-false-HAL-true,0-MX_CORTEX_M7_Init-CORTEX_M7-false-HAL-true
RCC.ADCFreq_Value=129000000
RCC.AHB12Freq_Value=64000000
RCC.AHB4Freq_Value=64000000
RCC.APB1Freq_Value=64000000
RCC.APB2Freq_Value=64000000
RCC.APB3Freq_Value=64000000
RCC.APB4Freq_Value=64000000
RCC.AXIClockFreq_Value=64000000
RCC.CECFreq_Value=32000
RCC.CKPERFreq_Value=64000000
RCC.CortexFreq_Value=64000000
RCC.CpuClockFreq_Value=64000000
RCC.D1CPREFreq_Value=64000000
RCC.DFSDMACLkFreq_Value=129000000
RCC.DFSDMFreq_Value=64000000
RCC.DIVP1Freq_Value=129000000
RCC.DIVP2Freq_Value=129000000
RCC.DIVP3Freq_Value=129000000
RCC.DIVQ1Freq_Value=129000000
RCC.DIVQ2Freq_Value=129000000
RCC.DIVQ3Freq_Value=129000000
RCC.DIVR1Freq_Value=129000000
RCC.DIVR2Freq_Value=129000000
RCC.DIVR3Freq_Value=129000000
RCC.FDCANFreq_Value=129000000
RCC.FMCFreq_Value=64000000
RCC.FamilyName=M
RCC.HCLK3ClockFreq_Value=64000000
RCC.HCLKFreq_Value=64000000
RCC.HRTIMFreq_Value=64000000
RCC.I2C123Freq_Value=64000000
RCC.I2C4Freq_Value=64000000
RCC.IPParameters=ADCFreq_Value,AHB12Freq_Value,AHB4Freq_Value,APB1Freq_Value,APB2Freq_Value,APB3Freq_Value,APB4Freq_Value,AXIClockFreq_Value,CECFreq_Value,CKPERFreq_Value,CortexFreq_Value,CpuClockFreq_Value,D1CPREFreq_Value,DFSDMACLkFreq_Value,DFSDMFreq_Value,DIVP1Freq_Value,DIVP2Freq_Value,DIVP3Freq_Value,DIVQ1Freq_Value,DIVQ2Freq_Value,DIVQ3Freq_Value,DIVR1Freq_Value,DIVR2Freq_Value,DIVR3Freq_Value,FDCANFreq_Value,FMCFreq_Value,FamilyName,HCLK3ClockFreq_Value,HCLKFreq_Value,HRTIMFreq_Value,I2C123Freq_Value,I2C4Freq_Value,LPTIM1Freq_Value,LPTIM2Freq_Value,LPTIM345Freq_Value,LPUART1Freq_Value,LTDCFreq_Value,MCO1PinFreq_Value,MCO2PinFreq_Value,QSPIFreq_Value,RNGFreq_Value,RTCFreq_Value,SAI1Freq_Value,SAI23Freq_Value,SAI4AFreq_Value,SAI4BFreq_Value,SDMMCFreq_Value,SPDIFRXFreq_Value,SPI123Freq_Value,SPI45Freq_Value,SPI6Freq_Value,SWPMI1Freq_Value,SYSCLKFreq_VALUE,Tim1OutputFreq_Value,Tim2OutputFreq_Value,TraceFreq_Value,USART16Freq_Value,USART234578Freq_Value,USBFreq_Value,VCO1OutputFreq_Value,VCO2OutputFreq_Value,VCO3OutputFreq_Value,VCOInput1Freq_Value,VCOInput2Freq_Value,VCOInput3Freq_Value
RCC.LPTIM1Freq_Value=64000000
RCC.LPTIM2Freq_Value=64000000
RCC.LPTIM345Freq_Value=64000000
RCC.LPUART1Freq_Value=64000000
RCC.LTDCFreq_Value=129000000
RCC.MCO1PinFreq_Value=64000000
RCC.MCO2PinFreq_Value=64000000
RCC.QSPIFreq_Value=64000000
RCC.RNGFreq_Value=48000000
RCC.RTCFreq_Value=32000
RCC.SAI1Freq_Value=129000000
RCC.SAI23Freq_Value=129000000
RCC.SAI4AFreq_Value=129000000
RCC.SAI4BFreq_Value=129000000
RCC.SDMMCFreq_Value=129000000
RCC.SPDIFRXFreq_Value=129000000
RCC.SPI123Freq_Value=129000000
RCC.SPI45Freq_Value=64000000
RCC.SPI6Freq_Value=64000000
RCC.SWPMI1Freq_Value=64000000
RCC.SYSCLKFreq_VALUE=64000000
RCC.Tim1OutputFreq_Value=64000000
RCC.Tim2OutputFreq_Value=64000000
RCC.TraceFreq_Value=64000000
RCC.USART16Freq_Value=64000000
RCC.USART234578Freq_Value=64000000
RCC.USBFreq_Value=129000000
RCC.VCO1OutputFreq_Value=258000000
RCC.VCO2OutputFreq_Value=258000000
RCC.VCO3OutputFreq_Value=258000000
RCC.VCOInput1Freq_Value=2000000
RCC.VCOInput2Freq_Value=2000000
RCC.VCOInput3Freq_Value=2000000
SH.ADCx_INP10.0=ADC2_INP10,IN10-Single-Ended
SH.ADCx_INP10.1=ADC1_INP10,IN10-Single-Ended
SH.ADCx_INP10.ConfNb=2
SH.ADCx_INP15.0=ADC2_INP15,IN15-Single-Ended
SH.ADCx_INP15.ConfNb=1
SH.ADCx_INP18.0=ADC2_INP18,IN18-Single-Ended
SH.ADCx_INP18.1=ADC1_INP18,IN18-Single-Ended
SH.ADCx_INP18.ConfNb=2
SH.ADCx_INP19.0=ADC2_INP19,IN19-Single-Ended
SH.ADCx_INP19.ConfNb=1
SH.ADCx_INP3.0=ADC2_INP3,IN3-Single-Ended
SH.ADCx_INP3.1=ADC1_INP3,IN3-Single-Ended
SH.ADCx_INP3.ConfNb=2
SH.ADCx_INP5.0=ADC2_INP5,IN5-Single-Ended
SH.ADCx_INP5.1=ADC1_INP5,IN5-Single-Ended
SH.ADCx_INP5.ConfNb=2
SH.ADCx_INP9.0=ADC2_INP9,IN9-Single-Ended
SH.ADCx_INP9.1=ADC1_INP9,IN9-Single-Ended
SH.ADCx_INP9.ConfNb=2
SPI1.CalculateBaudRate=64.5 MBits/s
SPI1.Direction=SPI_DIRECTION_2LINES
SPI1.IPParameters=VirtualType,Mode,Direction,CalculateBaudRate,VirtualNSS
SPI1.Mode=SPI_MODE_MASTER
SPI1.VirtualNSS=VM_NSSHARD
SPI1.VirtualType=VM_MASTER
SPI2.CalculateBaudRate=64.5 MBits/s
SPI2.Direction=SPI_DIRECTION_2LINES
SPI2.IPParameters=VirtualType,Mode,Direction,CalculateBaudRate,VirtualNSS
SPI2.Mode=SPI_MODE_MASTER
SPI2.VirtualNSS=VM_NSSHARD
SPI2.VirtualType=VM_MASTER
VP_ADC3_Vbat_Input.Mode=IN-Vbat
VP_ADC3_Vbat_Input.Signal=ADC3_Vbat_Input
VP_SYS_VS_Systick.Mode=SysTick
VP_SYS_VS_Systick.Signal=SYS_VS_Systick
board=custom
